
Microsoft Visual Studio Solution File, Format Version 12.00
# Visual Studio Version 17
VisualStudioVersion = 17.5.002.0
MinimumVisualStudioVersion = 10.0.40219.1
Project("{9A19103F-16F7-4668-BE54-9A1E7A4F7556}") = "C# Classes", "C# Classes.csproj", "{4DD6C784-A087-4549-BE2E-FD08478C8DF3}"
EndProject
Global
	GlobalSection(SolutionConfigurationPlatforms) = preSolution
		Debug|Any CPU = Debug|Any CPU
		Release|Any CPU = Release|Any CPU
	EndGlobalSection
	GlobalSection(ProjectConfigurationPlatforms) = postSolution
		{4DD6C784-A087-4549-BE2E-FD08478C8DF3}.Debug|Any CPU.ActiveCfg = Debug|Any CPU
		{4DD6C784-A087-4549-BE2E-FD08478C8DF3}.Debug|Any CPU.Build.0 = Debug|Any CPU
		{4DD6C784-A087-4549-BE2E-FD08478C8DF3}.Release|Any CPU.ActiveCfg = Release|Any CPU
		{4DD6C784-A087-4549-BE2E-FD08478C8DF3}.Release|Any CPU.Build.0 = Release|Any CPU
	EndGlobalSection
	GlobalSection(SolutionProperties) = preSolution
		HideSolutionNode = FALSE
	EndGlobalSection
	GlobalSection(ExtensibilityGlobals) = postSolution
		SolutionGuid = {006EE2FB-5BEE-4CEB-AEE1-33345881D6D0}
	EndGlobalSection
EndGlobal
