
Microsoft Visual Studio Solution File, Format Version 12.00
# Visual Studio Version 17
VisualStudioVersion = 17.5.002.0
MinimumVisualStudioVersion = 10.0.40219.1
Project("{9A19103F-16F7-4668-BE54-9A1E7A4F7556}") = "C# Methods", "C# Methods.csproj", "{23B29F1F-448D-43BF-AB85-0A57DB1DA79F}"
EndProject
Global
	GlobalSection(SolutionConfigurationPlatforms) = preSolution
		Debug|Any CPU = Debug|Any CPU
		Release|Any CPU = Release|Any CPU
	EndGlobalSection
	GlobalSection(ProjectConfigurationPlatforms) = postSolution
		{23B29F1F-448D-43BF-AB85-0A57DB1DA79F}.Debug|Any CPU.ActiveCfg = Debug|Any CPU
		{23B29F1F-448D-43BF-AB85-0A57DB1DA79F}.Debug|Any CPU.Build.0 = Debug|Any CPU
		{23B29F1F-448D-43BF-AB85-0A57DB1DA79F}.Release|Any CPU.ActiveCfg = Release|Any CPU
		{23B29F1F-448D-43BF-AB85-0A57DB1DA79F}.Release|Any CPU.Build.0 = Release|Any CPU
	EndGlobalSection
	GlobalSection(SolutionProperties) = preSolution
		HideSolutionNode = FALSE
	EndGlobalSection
	GlobalSection(ExtensibilityGlobals) = postSolution
		SolutionGuid = {8DAE7A74-B849-41E7-9972-3035F6E35CA9}
	EndGlobalSection
EndGlobal
